
Microsoft Visual Studio Solution File, Format Version 12.00
# Visual Studio Version 17
VisualStudioVersion = 17.0.31903.59
MinimumVisualStudioVersion = 10.0.40219.1
Project("{9A19103F-16F7-4668-BE54-9A1E7A4F7556}") = "Ejercicio1", "Ejercicio1\Ejercicio1.csproj", "{15378AEF-2421-4B5A-B63A-D8AF600EAF83}"
EndProject
Project("{9A19103F-16F7-4668-BE54-9A1E7A4F7556}") = "Ejercicio2", "Ejercicio2\Ejercicio2.csproj", "{505D2EAA-98C8-481D-B9F4-D46F43FBE2C8}"
EndProject
Project("{9A19103F-16F7-4668-BE54-9A1E7A4F7556}") = "Ejercicio3", "Ejercicio3\Ejercicio3.csproj", "{B8B052F4-517B-49CC-9E53-5513527291ED}"
EndProject
Global
	GlobalSection(SolutionConfigurationPlatforms) = preSolution
		Debug|Any CPU = Debug|Any CPU
		Release|Any CPU = Release|Any CPU
	EndGlobalSection
	GlobalSection(ProjectConfigurationPlatforms) = postSolution
		{15378AEF-2421-4B5A-B63A-D8AF600EAF83}.Debug|Any CPU.ActiveCfg = Debug|Any CPU
		{15378AEF-2421-4B5A-B63A-D8AF600EAF83}.Debug|Any CPU.Build.0 = Debug|Any CPU
		{15378AEF-2421-4B5A-B63A-D8AF600EAF83}.Release|Any CPU.ActiveCfg = Release|Any CPU
		{15378AEF-2421-4B5A-B63A-D8AF600EAF83}.Release|Any CPU.Build.0 = Release|Any CPU
		{505D2EAA-98C8-481D-B9F4-D46F43FBE2C8}.Debug|Any CPU.ActiveCfg = Debug|Any CPU
		{505D2EAA-98C8-481D-B9F4-D46F43FBE2C8}.Debug|Any CPU.Build.0 = Debug|Any CPU
		{505D2EAA-98C8-481D-B9F4-D46F43FBE2C8}.Release|Any CPU.ActiveCfg = Release|Any CPU
		{505D2EAA-98C8-481D-B9F4-D46F43FBE2C8}.Release|Any CPU.Build.0 = Release|Any CPU
		{B8B052F4-517B-49CC-9E53-5513527291ED}.Debug|Any CPU.ActiveCfg = Debug|Any CPU
		{B8B052F4-517B-49CC-9E53-5513527291ED}.Debug|Any CPU.Build.0 = Debug|Any CPU
		{B8B052F4-517B-49CC-9E53-5513527291ED}.Release|Any CPU.ActiveCfg = Release|Any CPU
		{B8B052F4-517B-49CC-9E53-5513527291ED}.Release|Any CPU.Build.0 = Release|Any CPU
	EndGlobalSection
	GlobalSection(SolutionProperties) = preSolution
		HideSolutionNode = FALSE
	EndGlobalSection
EndGlobal
